
Microsoft Visual Studio Solution File, Format Version 12.00
# Visual Studio Version 17
VisualStudioVersion = 17.0.31903.59
MinimumVisualStudioVersion = 10.0.40219.1
Project("{FAE04EC0-301F-11D3-BF4B-00C04F79EFBC}") = "API", "API\API.csproj", "{643BEDD5-B25B-4C15-894A-CACD2B6DEA91}"
EndProject
Project("{FAE04EC0-301F-11D3-BF4B-00C04F79EFBC}") = "Application", "Application\Application.csproj", "{47DF77F3-0803-42B0-9294-F50A3A5C870A}"
EndProject
Project("{FAE04EC0-301F-11D3-BF4B-00C04F79EFBC}") = "Domain", "Domain\Domain.csproj", "{96286409-AE94-44A4-B077-2E59C083B72D}"
EndProject
Project("{FAE04EC0-301F-11D3-BF4B-00C04F79EFBC}") = "Persistence", "Persistence\Persistence.csproj", "{3BC17C4D-1568-444C-97A0-EAB0EFFE0966}"
EndProject
Global
	GlobalSection(SolutionConfigurationPlatforms) = preSolution
		Debug|Any CPU = Debug|Any CPU
		Release|Any CPU = Release|Any CPU
	EndGlobalSection
	GlobalSection(SolutionProperties) = preSolution
		HideSolutionNode = FALSE
	EndGlobalSection
	GlobalSection(ProjectConfigurationPlatforms) = postSolution
		{643BEDD5-B25B-4C15-894A-CACD2B6DEA91}.Debug|Any CPU.ActiveCfg = Debug|Any CPU
		{643BEDD5-B25B-4C15-894A-CACD2B6DEA91}.Debug|Any CPU.Build.0 = Debug|Any CPU
		{643BEDD5-B25B-4C15-894A-CACD2B6DEA91}.Release|Any CPU.ActiveCfg = Release|Any CPU
		{643BEDD5-B25B-4C15-894A-CACD2B6DEA91}.Release|Any CPU.Build.0 = Release|Any CPU
		{47DF77F3-0803-42B0-9294-F50A3A5C870A}.Debug|Any CPU.ActiveCfg = Debug|Any CPU
		{47DF77F3-0803-42B0-9294-F50A3A5C870A}.Debug|Any CPU.Build.0 = Debug|Any CPU
		{47DF77F3-0803-42B0-9294-F50A3A5C870A}.Release|Any CPU.ActiveCfg = Release|Any CPU
		{47DF77F3-0803-42B0-9294-F50A3A5C870A}.Release|Any CPU.Build.0 = Release|Any CPU
		{96286409-AE94-44A4-B077-2E59C083B72D}.Debug|Any CPU.ActiveCfg = Debug|Any CPU
		{96286409-AE94-44A4-B077-2E59C083B72D}.Debug|Any CPU.Build.0 = Debug|Any CPU
		{96286409-AE94-44A4-B077-2E59C083B72D}.Release|Any CPU.ActiveCfg = Release|Any CPU
		{96286409-AE94-44A4-B077-2E59C083B72D}.Release|Any CPU.Build.0 = Release|Any CPU
		{3BC17C4D-1568-444C-97A0-EAB0EFFE0966}.Debug|Any CPU.ActiveCfg = Debug|Any CPU
		{3BC17C4D-1568-444C-97A0-EAB0EFFE0966}.Debug|Any CPU.Build.0 = Debug|Any CPU
		{3BC17C4D-1568-444C-97A0-EAB0EFFE0966}.Release|Any CPU.ActiveCfg = Release|Any CPU
		{3BC17C4D-1568-444C-97A0-EAB0EFFE0966}.Release|Any CPU.Build.0 = Release|Any CPU
	EndGlobalSection
EndGlobal
